// !$*UTF8*$!
{
	archiveVersion = 1;
	classes = {
	};
	objectVersion = 46;
	objects = {

/* Begin PBXBuildFile section */
		002458F81F59268600ECA928 /* AppDelegate.swift in Sources */ = {isa = PBXBuildFile; fileRef = 002458F71F59268600ECA928 /* AppDelegate.swift */; };
		002458FA1F59268600ECA928 /* ViewController.swift in Sources */ = {isa = PBXBuildFile; fileRef = 002458F91F59268600ECA928 /* ViewController.swift */; };
		002458FD1F59268600ECA928 /* Main.storyboard in Resources */ = {isa = PBXBuildFile; fileRef = 002458FB1F59268600ECA928 /* Main.storyboard */; };
		002458FF1F59268600ECA928 /* Assets.xcassets in Resources */ = {isa = PBXBuildFile; fileRef = 002458FE1F59268600ECA928 /* Assets.xcassets */; };
		002459021F59268600ECA928 /* LaunchScreen.storyboard in Resources */ = {isa = PBXBuildFile; fileRef = 002459001F59268600ECA928 /* LaunchScreen.storyboard */; };
		0024590D1F59268600ECA928 /* QuizTests.swift in Sources */ = {isa = PBXBuildFile; fileRef = 0024590C1F59268600ECA928 /* QuizTests.swift */; };
		002459181F59268600ECA928 /* QuizUITests.swift in Sources */ = {isa = PBXBuildFile; fileRef = 002459171F59268600ECA928 /* QuizUITests.swift */; };
/* End PBXBuildFile section */

/* Begin PBXContainerItemProxy section */
		002459091F59268600ECA928 /* PBXContainerItemProxy */ = {
			isa = PBXContainerItemProxy;
			containerPortal = 002458EC1F59268600ECA928 /* Project object */;
			proxyType = 1;
			remoteGlobalIDString = 002458F31F59268600ECA928;
			remoteInfo = Quiz;
		};
		002459141F59268600ECA928 /* PBXContainerItemProxy */ = {
			isa = PBXContainerItemProxy;
			containerPortal = 002458EC1F59268600ECA928 /* Project object */;
			proxyType = 1;
			remoteGlobalIDString = 002458F31F59268600ECA928;
			remoteInfo = Quiz;
		};
/* End PBXContainerItemProxy section */

/* Begin PBXFileReference section */
		002458F41F59268600ECA928 /* Quiz.app */ = {isa = PBXFileReference; explicitFileType = wrapper.application; includeInIndex = 0; path = Quiz.app; sourceTree = BUILT_PRODUCTS_DIR; };
		002458F71F59268600ECA928 /* AppDelegate.swift */ = {isa = PBXFileReference; lastKnownFileType = sourcecode.swift; path = AppDelegate.swift; sourceTree = "<group>"; };
		002458F91F59268600ECA928 /* ViewController.swift */ = {isa = PBXFileReference; lastKnownFileType = sourcecode.swift; path = ViewController.swift; sourceTree = "<group>"; };
		002458FC1F59268600ECA928 /* Base */ = {isa = PBXFileReference; lastKnownFileType = file.storyboard; name = Base; path = Base.lproj/Main.storyboard; sourceTree = "<group>"; };
		002458FE1F59268600ECA928 /* Assets.xcassets */ = {isa = PBXFileReference; lastKnownFileType = folder.assetcatalog; path = Assets.xcassets; sourceTree = "<group>"; };
		002459011F59268600ECA928 /* Base */ = {isa = PBXFileReference; lastKnownFileType = file.storyboard; name = Base; path = Base.lproj/LaunchScreen.storyboard; sourceTree = "<group>"; };
		002459031F59268600ECA928 /* Info.plist */ = {isa = PBXFileReference; lastKnownFileType = text.plist.xml; path = Info.plist; sourceTree = "<group>"; };
		002459081F59268600ECA928 /* QuizTests.xctest */ = {isa = PBXFileReference; explicitFileType = wrapper.cfbundle; includeInIndex = 0; path = QuizTests.xctest; sourceTree = BUILT_PRODUCTS_DIR; };
		0024590C1F59268600ECA928 /* QuizTests.swift */ = {isa = PBXFileReference; lastKnownFileType = sourcecode.swift; path = QuizTests.swift; sourceTree = "<group>"; };
		0024590E1F59268600ECA928 /* Info.plist */ = {isa = PBXFileReference; lastKnownFileType = text.plist.xml; path = Info.plist; sourceTree = "<group>"; };
		002459131F59268600ECA928 /* QuizUITests.xctest */ = {isa = PBXFileReference; explicitFileType = wrapper.cfbundle; includeInIndex = 0; path = QuizUITests.xctest; sourceTree = BUILT_PRODUCTS_DIR; };
		002459171F59268600ECA928 /* QuizUITests.swift */ = {isa = PBXFileReference; lastKnownFileType = sourcecode.swift; path = QuizUITests.swift; sourceTree = "<group>"; };
		002459191F59268600ECA928 /* Info.plist */ = {isa = PBXFileReference; lastKnownFileType = text.plist.xml; path = Info.plist; sourceTree = "<group>"; };
/* End PBXFileReference section */

/* Begin PBXFrameworksBuildPhase section */
		002458F11F59268600ECA928 /* Frameworks */ = {
			isa = PBXFrameworksBuildPhase;
			buildActionMask = 2147483647;
			files = (
			);
			runOnlyForDeploymentPostprocessing = 0;
		};
		002459051F59268600ECA928 /* Frameworks */ = {
			isa = PBXFrameworksBuildPhase;
			buildActionMask = 2147483647;
			files = (
			);
			runOnlyForDeploymentPostprocessing = 0;
		};
		002459101F59268600ECA928 /* Frameworks */ = {
			isa = PBXFrameworksBuildPhase;
			buildActionMask = 2147483647;
			files = (
			);
			runOnlyForDeploymentPostprocessing = 0;
		};
/* End PBXFrameworksBuildPhase section */

/* Begin PBXGroup section */
		002458EB1F59268600ECA928 = {
			isa = PBXGroup;
			children = (
				002458F61F59268600ECA928 /* Quiz */,
				0024590B1F59268600ECA928 /* QuizTests */,
				002459161F59268600ECA928 /* QuizUITests */,
				002458F51F59268600ECA928 /* Products */,
			);
			sourceTree = "<group>";
		};
		002458F51F59268600ECA928 /* Products */ = {
			isa = PBXGroup;
			children = (
				002458F41F59268600ECA928 /* Quiz.app */,
				002459081F59268600ECA928 /* QuizTests.xctest */,
				002459131F59268600ECA928 /* QuizUITests.xctest */,
			);
			name = Products;
			sourceTree = "<group>";
		};
		002458F61F59268600ECA928 /* Quiz */ = {
			isa = PBXGroup;
			children = (
				002458F71F59268600ECA928 /* AppDelegate.swift */,
				002458F91F59268600ECA928 /* ViewController.swift */,
				002458FB1F59268600ECA928 /* Main.storyboard */,
				002458FE1F59268600ECA928 /* Assets.xcassets */,
				002459001F59268600ECA928 /* LaunchScreen.storyboard */,
				002459031F59268600ECA928 /* Info.plist */,
			);
			path = Quiz;
			sourceTree = "<group>";
		};
		0024590B1F59268600ECA928 /* QuizTests */ = {
			isa = PBXGroup;
			children = (
				0024590C1F59268600ECA928 /* QuizTests.swift */,
				0024590E1F59268600ECA928 /* Info.plist */,
			);
			path = QuizTests;
			sourceTree = "<group>";
		};
		002459161F59268600ECA928 /* QuizUITests */ = {
			isa = PBXGroup;
			children = (
				002459171F59268600ECA928 /* QuizUITests.swift */,
				002459191F59268600ECA928 /* Info.plist */,
			);
			path = QuizUITests;
			sourceTree = "<group>";
		};
/* End PBXGroup section */

/* Begin PBXNativeTarget section */
		002458F31F59268600ECA928 /* Quiz */ = {
			isa = PBXNativeTarget;
			buildConfigurationList = 0024591C1F59268600ECA928 /* Build configuration list for PBXNativeTarget "Quiz" */;
			buildPhases = (
				002458F01F59268600ECA928 /* Sources */,
				002458F11F59268600ECA928 /* Frameworks */,
				002458F21F59268600ECA928 /* Resources */,
			);
			buildRules = (
			);
			dependencies = (
			);
			name = Quiz;
			productName = Quiz;
			productReference = 002458F41F59268600ECA928 /* Quiz.app */;
			productType = "com.apple.product-type.application";
		};
		002459071F59268600ECA928 /* QuizTests */ = {
			isa = PBXNativeTarget;
			buildConfigurationList = 0024591F1F59268600ECA928 /* Build configuration list for PBXNativeTarget "QuizTests" */;
			buildPhases = (
				002459041F59268600ECA928 /* Sources */,
				002459051F59268600ECA928 /* Frameworks */,
				002459061F59268600ECA928 /* Resources */,
			);
			buildRules = (
			);
			dependencies = (
				0024590A1F59268600ECA928 /* PBXTargetDependency */,
			);
			name = QuizTests;
			productName = QuizTests;
			productReference = 002459081F59268600ECA928 /* QuizTests.xctest */;
			productType = "com.apple.product-type.bundle.unit-test";
		};
		002459121F59268600ECA928 /* QuizUITests */ = {
			isa = PBXNativeTarget;
			buildConfigurationList = 002459221F59268600ECA928 /* Build configuration list for PBXNativeTarget "QuizUITests" */;
			buildPhases = (
				0024590F1F59268600ECA928 /* Sources */,
				002459101F59268600ECA928 /* Frameworks */,
				002459111F59268600ECA928 /* Resources */,
			);
			buildRules = (
			);
			dependencies = (
				002459151F59268600ECA928 /* PBXTargetDependency */,
			);
			name = QuizUITests;
			productName = QuizUITests;
			productReference = 002459131F59268600ECA928 /* QuizUITests.xctest */;
			productType = "com.apple.product-type.bundle.ui-testing";
		};
/* End PBXNativeTarget section */

/* Begin PBXProject section */
		002458EC1F59268600ECA928 /* Project object */ = {
			isa = PBXProject;
			attributes = {
				LastSwiftUpdateCheck = 0830;
				LastUpgradeCheck = 0830;
				ORGANIZATIONNAME = Restart;
				TargetAttributes = {
					002458F31F59268600ECA928 = {
						CreatedOnToolsVersion = 8.3.3;
						DevelopmentTeam = DS5HPYX7M3;
						ProvisioningStyle = Automatic;
					};
					002459071F59268600ECA928 = {
						CreatedOnToolsVersion = 8.3.3;
						ProvisioningStyle = Automatic;
						TestTargetID = 002458F31F59268600ECA928;
					};
					002459121F59268600ECA928 = {
						CreatedOnToolsVersion = 8.3.3;
						ProvisioningStyle = Automatic;
						TestTargetID = 002458F31F59268600ECA928;
					};
				};
			};
			buildConfigurationList = 002458EF1F59268600ECA928 /* Build configuration list for PBXProject "Quiz" */;
			compatibilityVersion = "Xcode 3.2";
			developmentRegion = English;
			hasScannedForEncodings = 0;
			knownRegions = (
				en,
				Base,
			);
			mainGroup = 002458EB1F59268600ECA928;
			productRefGroup = 002458F51F59268600ECA928 /* Products */;
			projectDirPath = "";
			projectRoot = "";
			targets = (
				002458F31F59268600ECA928 /* Quiz */,
				002459071F59268600ECA928 /* QuizTests */,
				002459121F59268600ECA928 /* QuizUITests */,
			);
		};
/* End PBXProject section */

/* Begin PBXResourcesBuildPhase section */
		002458F21F59268600ECA928 /* Resources */ = {
			isa = PBXResourcesBuildPhase;
			buildActionMask = 2147483647;
			files = (
				002459021F59268600ECA928 /* LaunchScreen.storyboard in Resources */,
				002458FF1F59268600ECA928 /* Assets.xcassets in Resources */,
				002458FD1F59268600ECA928 /* Main.storyboard in Resources */,
			);
			runOnlyForDeploymentPostprocessing = 0;
		};
		002459061F59268600ECA928 /* Resources */ = {
			isa = PBXResourcesBuildPhase;
			buildActionMask = 2147483647;
			files = (
			);
			runOnlyForDeploymentPostprocessing = 0;
		};
		002459111F59268600ECA928 /* Resources */ = {
			isa = PBXResourcesBuildPhase;
			buildActionMask = 2147483647;
			files = (
			);
			runOnlyForDeploymentPostprocessing = 0;
		};
/* End PBXResourcesBuildPhase section */

/* Begin PBXSourcesBuildPhase section */
		002458F01F59268600ECA928 /* Sources */ = {
			isa = PBXSourcesBuildPhase;
			buildActionMask = 2147483647;
			files = (
				002458FA1F59268600ECA928 /* ViewController.swift in Sources */,
				002458F81F59268600ECA928 /* AppDelegate.swift in Sources */,
			);
			runOnlyForDeploymentPostprocessing = 0;
		};
		002459041F59268600ECA928 /* Sources */ = {
			isa = PBXSourcesBuildPhase;
			buildActionMask = 2147483647;
			files = (
				0024590D1F59268600ECA928 /* QuizTests.swift in Sources */,
			);
			runOnlyForDeploymentPostprocessing = 0;
		};
		0024590F1F59268600ECA928 /* Sources */ = {
			isa = PBXSourcesBuildPhase;
			buildActionMask = 2147483647;
			files = (
				002459181F59268600ECA928 /* QuizUITests.swift in Sources */,
			);
			runOnlyForDeploymentPostprocessing = 0;
		};
/* End PBXSourcesBuildPhase section */

/* Begin PBXTargetDependency section */
		0024590A1F59268600ECA928 /* PBXTargetDependency */ = {
			isa = PBXTargetDependency;
			target = 002458F31F59268600ECA928 /* Quiz */;
			targetProxy = 002459091F59268600ECA928 /* PBXContainerItemProxy */;
		};
		002459151F59268600ECA928 /* PBXTargetDependency */ = {
			isa = PBXTargetDependency;
			target = 002458F31F59268600ECA928 /* Quiz */;
			targetProxy = 002459141F59268600ECA928 /* PBXContainerItemProxy */;
		};
/* End PBXTargetDependency section */

/* Begin PBXVariantGroup section */
		002458FB1F59268600ECA928 /* Main.storyboard */ = {
			isa = PBXVariantGroup;
			children = (
				002458FC1F59268600ECA928 /* Base */,
			);
			name = Main.storyboard;
			sourceTree = "<group>";
		};
		002459001F59268600ECA928 /* LaunchScreen.storyboard */ = {
			isa = PBXVariantGroup;
			children = (
				002459011F59268600ECA928 /* Base */,
			);
			name = LaunchScreen.storyboard;
			sourceTree = "<group>";
		};
/* End PBXVariantGroup section */

/* Begin XCBuildConfiguration section */
		0024591A1F59268600ECA928 /* Debug */ = {
			isa = XCBuildConfiguration;
			buildSettings = {
				ALWAYS_SEARCH_USER_PATHS = NO;
				CLANG_ANALYZER_NONNULL = YES;
				CLANG_ANALYZER_NUMBER_OBJECT_CONVERSION = YES_AGGRESSIVE;
				CLANG_CXX_LANGUAGE_STANDARD = "gnu++0x";
				CLANG_CXX_LIBRARY = "libc++";
				CLANG_ENABLE_MODULES = YES;
				CLANG_ENABLE_OBJC_ARC = YES;
				CLANG_WARN_BOOL_CONVERSION = YES;
				CLANG_WARN_CONSTANT_CONVERSION = YES;
				CLANG_WARN_DIRECT_OBJC_ISA_USAGE = YES_ERROR;
				CLANG_WARN_DOCUMENTATION_COMMENTS = YES;
				CLANG_WARN_EMPTY_BODY = YES;
				CLANG_WARN_ENUM_CONVERSION = YES;
				CLANG_WARN_INFINITE_RECURSION = YES;
				CLANG_WARN_INT_CONVERSION = YES;
				CLANG_WARN_OBJC_ROOT_CLASS = YES_ERROR;
				CLANG_WARN_SUSPICIOUS_MOVE = YES;
				CLANG_WARN_UNREACHABLE_CODE = YES;
				CLANG_WARN__DUPLICATE_METHOD_MATCH = YES;
				"CODE_SIGN_IDENTITY[sdk=iphoneos*]" = "iPhone Developer";
				COPY_PHASE_STRIP = NO;
				DEBUG_INFORMATION_FORMAT = dwarf;
				ENABLE_STRICT_OBJC_MSGSEND = YES;
				ENABLE_TESTABILITY = YES;
				GCC_C_LANGUAGE_STANDARD = gnu99;
				GCC_DYNAMIC_NO_PIC = NO;
				GCC_NO_COMMON_BLOCKS = YES;
				GCC_OPTIMIZATION_LEVEL = 0;
				GCC_PREPROCESSOR_DEFINITIONS = (
					"DEBUG=1",
					"$(inherited)",
				);
				GCC_WARN_64_TO_32_BIT_CONVERSION = YES;
				GCC_WARN_ABOUT_RETURN_TYPE = YES_ERROR;
				GCC_WARN_UNDECLARED_SELECTOR = YES;
				GCC_WARN_UNINITIALIZED_AUTOS = YES_AGGRESSIVE;
				GCC_WARN_UNUSED_FUNCTION = YES;
				GCC_WARN_UNUSED_VARIABLE = YES;
				IPHONEOS_DEPLOYMENT_TARGET = 10.3;
				MTL_ENABLE_DEBUG_INFO = YES;
				ONLY_ACTIVE_ARCH = YES;
				SDKROOT = iphoneos;
				SWIFT_ACTIVE_COMPILATION_CONDITIONS = DEBUG;
				SWIFT_OPTIMIZATION_LEVEL = "-Onone";
				TARGETED_DEVICE_FAMILY = "1,2";
			};
			name = Debug;
		};
		0024591B1F59268600ECA928 /* Release */ = {
			isa = XCBuildConfiguration;
			buildSettings = {
				ALWAYS_SEARCH_USER_PATHS = NO;
				CLANG_ANALYZER_NONNULL = YES;
				CLANG_ANALYZER_NUMBER_OBJECT_CONVERSION = YES_AGGRESSIVE;
				CLANG_CXX_LANGUAGE_STANDARD = "gnu++0x";
				CLANG_CXX_LIBRARY = "libc++";
				CLANG_ENABLE_MODULES = YES;
				CLANG_ENABLE_OBJC_ARC = YES;
				CLANG_WARN_BOOL_CONVERSION = YES;
				CLANG_WARN_CONSTANT_CONVERSION = YES;
				CLANG_WARN_DIRECT_OBJC_ISA_USAGE = YES_ERROR;
				CLANG_WARN_DOCUMENTATION_COMMENTS = YES;
				CLANG_WARN_EMPTY_BODY = YES;
				CLANG_WARN_ENUM_CONVERSION = YES;
				CLANG_WARN_INFINITE_RECURSION = YES;
				CLANG_WARN_INT_CONVERSION = YES;
				CLANG_WARN_OBJC_ROOT_CLASS = YES_ERROR;
				CLANG_WARN_SUSPICIOUS_MOVE = YES;
				CLANG_WARN_UNREACHABLE_CODE = YES;
				CLANG_WARN__DUPLICATE_METHOD_MATCH = YES;
				"CODE_SIGN_IDENTITY[sdk=iphoneos*]" = "iPhone Developer";
				COPY_PHASE_STRIP = NO;
				DEBUG_INFORMATION_FORMAT = "dwarf-with-dsym";
				ENABLE_NS_ASSERTIONS = NO;
				ENABLE_STRICT_OBJC_MSGSEND = YES;
				GCC_C_LANGUAGE_STANDARD = gnu99;
				GCC_NO_COMMON_BLOCKS = YES;
				GCC_WARN_64_TO_32_BIT_CONVERSION = YES;
				GCC_WARN_ABOUT_RETURN_TYPE = YES_ERROR;
				GCC_WARN_UNDECLARED_SELECTOR = YES;
				GCC_WARN_UNINITIALIZED_AUTOS = YES_AGGRESSIVE;
				GCC_WARN_UNUSED_FUNCTION = YES;
				GCC_WARN_UNUSED_VARIABLE = YES;
				IPHONEOS_DEPLOYMENT_TARGET = 10.3;
				MTL_ENABLE_DEBUG_INFO = NO;
				SDKROOT = iphoneos;
				SWIFT_OPTIMIZATION_LEVEL = "-Owholemodule";
				TARGETED_DEVICE_FAMILY = "1,2";
				VALIDATE_PRODUCT = YES;
			};
			name = Release;
		};
		0024591D1F59268600ECA928 /* Debug */ = {
			isa = XCBuildConfiguration;
			buildSettings = {
				ASSETCATALOG_COMPILER_APPICON_NAME = AppIcon;
				DEVELOPMENT_TEAM = DS5HPYX7M3;
				INFOPLIST_FILE = Quiz/Info.plist;
				LD_RUNPATH_SEARCH_PATHS = "$(inherited) @executable_path/Frameworks";
				PRODUCT_BUNDLE_IDENTIFIER = com.restart.Quiz;
				PRODUCT_NAME = "$(TARGET_NAME)";
				SWIFT_VERSION = 3.0;
			};
			name = Debug;
		};
		0024591E1F59268600ECA928 /* Release */ = {
			isa = XCBuildConfiguration;
			buildSettings = {
				ASSETCATALOG_COMPILER_APPICON_NAME = AppIcon;
				DEVELOPMENT_TEAM = DS5HPYX7M3;
				INFOPLIST_FILE = Quiz/Info.plist;
				LD_RUNPATH_SEARCH_PATHS = "$(inherited) @executable_path/Frameworks";
				PRODUCT_BUNDLE_IDENTIFIER = com.restart.Quiz;
				PRODUCT_NAME = "$(TARGET_NAME)";
				SWIFT_VERSION = 3.0;
			};
			name = Release;
		};
		002459201F59268600ECA928 /* Debug */ = {
			isa = XCBuildConfiguration;
			buildSettings = {
				ALWAYS_EMBED_SWIFT_STANDARD_LIBRARIES = YES;
				BUNDLE_LOADER = "$(TEST_HOST)";
				INFOPLIST_FILE = QuizTests/Info.plist;
				LD_RUNPATH_SEARCH_PATHS = "$(inherited) @executable_path/Frameworks @loader_path/Frameworks";
				PRODUCT_BUNDLE_IDENTIFIER = com.restart.QuizTests;
				PRODUCT_NAME = "$(TARGET_NAME)";
				SWIFT_VERSION = 3.0;
				TEST_HOST = "$(BUILT_PRODUCTS_DIR)/Quiz.app/Quiz";
			};
			name = Debug;
		};
		002459211F59268600ECA928 /* Release */ = {
			isa = XCBuildConfiguration;
			buildSettings = {
				ALWAYS_EMBED_SWIFT_STANDARD_LIBRARIES = YES;
				BUNDLE_LOADER = "$(TEST_HOST)";
				INFOPLIST_FILE = QuizTests/Info.plist;
				LD_RUNPATH_SEARCH_PATHS = "$(inherited) @executable_path/Frameworks @loader_path/Frameworks";
				PRODUCT_BUNDLE_IDENTIFIER = com.restart.QuizTests;
				PRODUCT_NAME = "$(TARGET_NAME)";
				SWIFT_VERSION = 3.0;
				TEST_HOST = "$(BUILT_PRODUCTS_DIR)/Quiz.app/Quiz";
			};
			name = Release;
		};
		002459231F59268600ECA928 /* Debug */ = {
			isa = XCBuildConfiguration;
			buildSettings = {
				ALWAYS_EMBED_SWIFT_STANDARD_LIBRARIES = YES;
				INFOPLIST_FILE = QuizUITests/Info.plist;
				LD_RUNPATH_SEARCH_PATHS = "$(inherited) @executable_path/Frameworks @loader_path/Frameworks";
				PRODUCT_BUNDLE_IDENTIFIER = com.restart.QuizUITests;
				PRODUCT_NAME = "$(TARGET_NAME)";
				SWIFT_VERSION = 3.0;
				TEST_TARGET_NAME = Quiz;
			};
			name = Debug;
		};
		002459241F59268600ECA928 /* Release */ = {
			isa = XCBuildConfiguration;
			buildSettings = {
				ALWAYS_EMBED_SWIFT_STANDARD_LIBRARIES = YES;
				INFOPLIST_FILE = QuizUITests/Info.plist;
				LD_RUNPATH_SEARCH_PATHS = "$(inherited) @executable_path/Frameworks @loader_path/Frameworks";
				PRODUCT_BUNDLE_IDENTIFIER = com.restart.QuizUITests;
				PRODUCT_NAME = "$(TARGET_NAME)";
				SWIFT_VERSION = 3.0;
				TEST_TARGET_NAME = Quiz;
			};
			name = Release;
		};
/* End XCBuildConfiguration section */

/* Begin XCConfigurationList section */
		002458EF1F59268600ECA928 /* Build configuration list for PBXProject "Quiz" */ = {
			isa = XCConfigurationList;
			buildConfigurations = (
				0024591A1F59268600ECA928 /* Debug */,
				0024591B1F59268600ECA928 /* Release */,
			);
			defaultConfigurationIsVisible = 0;
			defaultConfigurationName = Release;
		};
		0024591C1F59268600ECA928 /* Build configuration list for PBXNativeTarget "Quiz" */ = {
			isa = XCConfigurationList;
			buildConfigurations = (
				0024591D1F59268600ECA928 /* Debug */,
				0024591E1F59268600ECA928 /* Release */,
			);
			defaultConfigurationIsVisible = 0;
			defaultConfigurationName = Release;
		};
		0024591F1F59268600ECA928 /* Build configuration list for PBXNativeTarget "QuizTests" */ = {
			isa = XCConfigurationList;
			buildConfigurations = (
				002459201F59268600ECA928 /* Debug */,
				002459211F59268600ECA928 /* Release */,
			);
			defaultConfigurationIsVisible = 0;
			defaultConfigurationName = Release;
		};
		002459221F59268600ECA928 /* Build configuration list for PBXNativeTarget "QuizUITests" */ = {
			isa = XCConfigurationList;
			buildConfigurations = (
				002459231F59268600ECA928 /* Debug */,
				002459241F59268600ECA928 /* Release */,
			);
			defaultConfigurationIsVisible = 0;
			defaultConfigurationName = Release;
		};
/* End XCConfigurationList section */
	};
	rootObject = 002458EC1F59268600ECA928 /* Project object */;
}
